<?xml version="1.0" encoding="UTF-8" standalone="yes" ?>
<CodeBlocks_project_file>
	<FileVersion major="1" minor="6" />
	<Project>
		<Option title="crapmud" />
		<Option pch_mode="2" />
		<Option compiler="gcc" />
		<Build>
			<Target title="Debug">
				<Option output="bin/Debug/crapmud" prefix_auto="1" extension_auto="1" />
				<Option object_output="obj/Debug/" />
				<Option type="1" />
				<Option compiler="gcc" />
				<Compiler>
					<Add option="-g" />
					<Add option="-DLOCAL_IP" />
				</Compiler>
				<ExtraCommands>
					<Add after="debug.bat" />
					<Mode after="always" />
				</ExtraCommands>
			</Target>
			<Target title="Release">
				<Option output="bin/Release/crapmud" prefix_auto="1" extension_auto="1" />
				<Option object_output="obj/Release/" />
				<Option type="1" />
				<Option compiler="gcc" />
				<Compiler>
					<Add option="-O3" />
					<Add option="-march=nehalem" />
					<Add option="-DLOCAL_IP" />
				</Compiler>
			</Target>
			<Target title="Deploy">
				<Option output="bin/Deploy/crapmud" prefix_auto="1" extension_auto="1" />
				<Option object_output="obj/Deploy/" />
				<Option type="1" />
				<Option compiler="gcc" />
				<Compiler>
					<Add option="-O3" />
					<Add option="-g" />
					<Add option="-march=nehalem" />
					<Add option="-DEXTERN_IP" />
				</Compiler>
				<ExtraCommands>
					<Add after="deploy.bat" />
					<Mode after="always" />
				</ExtraCommands>
			</Target>
			<Target title="ReleaseAndTest">
				<Option output="bin/ReleaseTest/crapmud" prefix_auto="1" extension_auto="1" />
				<Option object_output="obj/ReleaseTest/" />
				<Option type="1" />
				<Option compiler="gcc" />
				<Compiler>
					<Add option="-O3" />
					<Add option="-march=nehalem" />
					<Add option="-DLOCAL_IP" />
					<Add option="-DTESTING" />
				</Compiler>
			</Target>
			<Target title="DebugBacktrace">
				<Option output="bin/Debug/crapmud" prefix_auto="1" extension_auto="1" />
				<Option object_output="obj/Debug/" />
				<Option type="1" />
				<Option compiler="gcc" />
				<Compiler>
					<Add option="-g" />
					<Add option="-DLOCAL_IP" />
				</Compiler>
				<ExtraCommands>
					<Add after="debug_backtrace.bat" />
					<Mode after="always" />
				</ExtraCommands>
			</Target>
			<Target title="DebugTest">
				<Option output="bin/DebugTest/crapmud" prefix_auto="1" extension_auto="1" />
				<Option object_output="obj/DebugTest/" />
				<Option type="1" />
				<Option compiler="gcc" />
				<Compiler>
					<Add option="-g" />
					<Add option="-DLOCAL_IP" />
					<Add option="-DTESTING" />
				</Compiler>
			</Target>
		</Build>
		<Compiler>
			<Add option="-Wnon-virtual-dtor" />
			<Add option="-Winit-self" />
			<Add option="-Wall" />
			<Add option="-std=c++1z" />
			<Add option="-fexceptions" />
			<Add option="-fno-devirtualize" />
			<Add option="-Wno-narrowing" />
			<Add option="-mmitigate-rop" />
			<Add option="-pie -fPIE" />
			<Add option="-fno-strict-aliasing" />
			<Add option="-D_FORTIFY_SOURCE=2" />
			<Add option="-DBOOST_STACKTRACE_USE_WINDBG" />
			<Add directory="deps" />
		</Compiler>
		<Linker>
			<Add option="-lmingw32" />
			<Add option="-lsfml-graphics" />
			<Add option="-lsfml-audio" />
			<Add option="-lsfml-network" />
			<Add option="-lsfml-window" />
			<Add option="-lsfml-system" />
			<Add option="-lfreetype" />
			<Add option="-lopengl32" />
			<Add option="-lws2_32" />
			<Add option="-lflac" />
			<Add option="-lopenal32" />
			<Add option="-logg" />
			<Add option="-lmongoc-1.0.dll" />
			<Add option="-lbson-1.0.dll" />
			<Add option="-lboost_system-mgw73-mt-x64-1_67" />
			<Add option="-lmswsock" />
			<Add option="-lole32" />
			<Add option="-lboost_filesystem-mgw73-mt-x64-1_67" />
			<Add option="-ldbgeng" />
			<Add option="-lboost_stacktrace_windbg-mgw73-mt-x64-1_67" />
			<Add option="-lcrypto" />
			<Add option="-lssl" />
		</Linker>
		<Unit filename="auth.cpp" />
		<Unit filename="auth.hpp" />
		<Unit filename="command_handler.cpp" />
		<Unit filename="command_handler.hpp" />
		<Unit filename="command_handler_state.cpp" />
		<Unit filename="command_handler_state.hpp" />
		<Unit filename="db_interfaceable.cpp" />
		<Unit filename="db_interfaceable.hpp" />
		<Unit filename="deps/json/json.hpp" />
		<Unit filename="deps/secret/common.cpp" />
		<Unit filename="deps/secret/common.hpp" />
		<Unit filename="deps/secret/initial_link_setup.cpp" />
		<Unit filename="deps/secret/initial_link_setup.hpp" />
		<Unit filename="deps/secret/items_secret.hpp" />
		<Unit filename="deps/secret/loot_gen.cpp" />
		<Unit filename="deps/secret/loot_gen.hpp" />
		<Unit filename="deps/secret/node.cpp" />
		<Unit filename="deps/secret/node.hpp" />
		<Unit filename="deps/secret/npc_manager.cpp" />
		<Unit filename="deps/secret/npc_manager.hpp" />
		<Unit filename="deps/secret/one_shot_core.cpp" />
		<Unit filename="deps/secret/one_shot_core.hpp" />
		<Unit filename="deps/secret/one_shots.cpp" />
		<Unit filename="deps/secret/one_shots.hpp" />
		<Unit filename="deps/secret/secret.cpp" />
		<Unit filename="deps/secret/secret.hpp" />
		<Unit filename="deps/secret/structure.cpp" />
		<Unit filename="deps/secret/structure.hpp" />
		<Unit filename="duk_object_functions.hpp" />
		<Unit filename="duktape.cpp" />
		<Unit filename="global_caching.hpp" />
		<Unit filename="http_beast_server.cpp" />
		<Unit filename="http_beast_server.hpp" />
		<Unit filename="item.cpp" />
		<Unit filename="item.hpp" />
		<Unit filename="logging.cpp" />
		<Unit filename="logging.hpp" />
		<Unit filename="main.cpp" />
		<Unit filename="memory_sandbox.hpp" />
		<Unit filename="mongo.cpp" />
		<Unit filename="mongo.hpp" />
		<Unit filename="mongo_cleanup.hpp" />
		<Unit filename="non_user_task_thread.cpp" />
		<Unit filename="non_user_task_thread.hpp" />
		<Unit filename="privileged_core_scripts.cpp" />
		<Unit filename="privileged_core_scripts.hpp" />
		<Unit filename="rate_limiting.cpp" />
		<Unit filename="rate_limiting.hpp" />
		<Unit filename="rng.cpp" />
		<Unit filename="rng.hpp" />
		<Unit filename="scheduled_tasks.cpp" />
		<Unit filename="scheduled_tasks.hpp" />
		<Unit filename="script_util.cpp" />
		<Unit filename="script_util.hpp" />
		<Unit filename="scripting_api.hpp" />
		<Unit filename="seccallers.cpp" />
		<Unit filename="seccallers.hpp" />
		<Unit filename="shared_command_handler_state.hpp" />
		<Unit filename="shared_duk_worker_state.cpp" />
		<Unit filename="shared_duk_worker_state.hpp" />
		<Unit filename="stacktrace.cpp" />
		<Unit filename="stacktrace.hpp" />
		<Unit filename="unified_scripts.hpp" />
		<Unit filename="user.cpp" />
		<Unit filename="user.hpp" />
		<Extensions>
			<code_completion />
			<envvars />
			<debugger />
		</Extensions>
	</Project>
</CodeBlocks_project_file>
