<?xml version="1.0" encoding="UTF-8" standalone="yes" ?>
<CodeBlocks_project_file>
	<FileVersion major="1" minor="6" />
	<Project>
		<Option title="crapmud" />
		<Option pch_mode="2" />
		<Option compiler="gcc" />
		<Build>
			<Target title="Debug">
				<Option output="bin/Debug/crapmud" prefix_auto="1" extension_auto="1" />
				<Option object_output="obj/Debug/" />
				<Option type="1" />
				<Option compiler="gcc" />
				<Compiler>
					<Add option="-g" />
					<Add option="-DLOCAL_IP" />
				</Compiler>
			</Target>
			<Target title="Release">
				<Option output="bin/Release/crapmud" prefix_auto="1" extension_auto="1" />
				<Option object_output="obj/Release/" />
				<Option type="1" />
				<Option compiler="gcc" />
				<Compiler>
					<Add option="-O2" />
					<Add option="-DLOCAL_IP" />
				</Compiler>
			</Target>
			<Target title="Deploy">
				<Option output="bin/Deploy/crapmud" prefix_auto="1" extension_auto="1" />
				<Option object_output="obj/Deploy/" />
				<Option type="1" />
				<Option compiler="gcc" />
				<Compiler>
					<Add option="-O2" />
					<Add option="-DEXTERN_IP" />
				</Compiler>
				<ExtraCommands>
					<Add after="deploy.bat" />
					<Mode after="always" />
				</ExtraCommands>
			</Target>
			<Target title="ReleaseAndTest">
				<Option output="bin/ReleaseTest/crapmud" prefix_auto="1" extension_auto="1" />
				<Option object_output="obj/ReleaseTest/" />
				<Option type="1" />
				<Option compiler="gcc" />
				<Compiler>
					<Add option="-O2" />
					<Add option="-DLOCAL_IP" />
					<Add option="-DTESTING" />
				</Compiler>
			</Target>
		</Build>
		<Compiler>
			<Add option="-Wnon-virtual-dtor" />
			<Add option="-Wall" />
			<Add option="-std=c++1z" />
			<Add option="-fexceptions" />
			<Add option="-fno-devirtualize" />
			<Add option="-Wno-narrowing" />
			<Add option="-mmitigate-rop" />
			<Add option="-pie -fPIE" />
			<Add option="-fno-strict-aliasing" />
			<Add option="-D_FORTIFY_SOURCE=2" />
			<Add directory="deps" />
		</Compiler>
		<Linker>
			<Add option="-lmingw32" />
			<Add option="-lsfml-graphics" />
			<Add option="-lsfml-audio" />
			<Add option="-lsfml-network" />
			<Add option="-lsfml-window" />
			<Add option="-lsfml-system" />
			<Add option="-lfreetype" />
			<Add option="-lopengl32" />
			<Add option="-lws2_32" />
			<Add option="-lflac" />
			<Add option="-lopenal32" />
			<Add option="-logg" />
			<Add option="-lmongoc-1.0.dll" />
			<Add option="-lbson-1.0.dll" />
			<Add option="-lboost_system-mt" />
			<Add option="-lmswsock" />
			<Add library="C:/Users/James/Desktop/projects/crapmud/libduktape.so.202.20200" />
		</Linker>
		<Unit filename="auth.cpp" />
		<Unit filename="auth.hpp" />
		<Unit filename="command_handler.cpp" />
		<Unit filename="command_handler.hpp" />
		<Unit filename="deps/secret/items_secret.hpp" />
		<Unit filename="deps/secret/node.cpp" />
		<Unit filename="deps/secret/node.hpp" />
		<Unit filename="deps/secret/npc_manager.cpp" />
		<Unit filename="deps/secret/npc_manager.hpp" />
		<Unit filename="deps/secret/secret.cpp" />
		<Unit filename="deps/secret/secret.hpp" />
		<Unit filename="duk_object_functions.hpp" />
		<Unit filename="http_beast_server.cpp" />
		<Unit filename="http_beast_server.hpp" />
		<Unit filename="item.cpp" />
		<Unit filename="item.hpp" />
		<Unit filename="logging.cpp" />
		<Unit filename="logging.hpp" />
		<Unit filename="main.cpp" />
		<Unit filename="memory_sandbox.hpp" />
		<Unit filename="mongo.cpp" />
		<Unit filename="mongo.hpp" />
		<Unit filename="mongo_cleanup.hpp" />
		<Unit filename="non_user_task_thread.cpp" />
		<Unit filename="non_user_task_thread.hpp" />
		<Unit filename="privileged_core_scripts.cpp" />
		<Unit filename="privileged_core_scripts.hpp" />
		<Unit filename="rate_limiting.cpp" />
		<Unit filename="rate_limiting.hpp" />
		<Unit filename="rng.cpp" />
		<Unit filename="rng.hpp" />
		<Unit filename="script_util.cpp" />
		<Unit filename="script_util.hpp" />
		<Unit filename="script_util_shared.hpp" />
		<Unit filename="seccallers.hpp" />
		<Unit filename="socket_shared.hpp" />
		<Unit filename="user.cpp" />
		<Unit filename="user.hpp" />
		<Extensions>
			<code_completion />
			<envvars />
			<debugger />
		</Extensions>
	</Project>
</CodeBlocks_project_file>
