<?xml version="1.0" encoding="UTF-8" standalone="yes" ?>
<CodeBlocks_project_file>
	<FileVersion major="1" minor="6" />
	<Project>
		<Option title="crapmud" />
		<Option makefile="makefile" />
		<Option pch_mode="2" />
		<Option compiler="gcc" />
		<Build>
			<Target title="Debug">
				<Option output="bin/Debug/crapmud" prefix_auto="1" extension_auto="1" />
				<Option object_output="obj/Debug/" />
				<Option type="1" />
				<Option compiler="gcc" />
				<Compiler>
					<Add option="-Og" />
					<Add option="-g" />
					<Add option="-DLOCAL_IP" />
				</Compiler>
				<ExtraCommands>
					<Add after="debug.bat" />
					<Mode after="always" />
				</ExtraCommands>
			</Target>
			<Target title="Release">
				<Option output="bin/Release/crapmud" prefix_auto="1" extension_auto="1" />
				<Option object_output="obj/Release/" />
				<Option type="1" />
				<Option compiler="gcc" />
				<Compiler>
					<Add option="-O2" />
					<Add option="-g" />
					<Add option="-march=nehalem" />
					<Add option="-DLOCAL_IP" />
				</Compiler>
			</Target>
			<Target title="Deploy">
				<Option output="bin/Deploy/crapmud" prefix_auto="1" extension_auto="1" />
				<Option object_output="obj/Deploy/" />
				<Option type="1" />
				<Option compiler="gcc" />
				<Compiler>
					<Add option="-fexpensive-optimizations" />
					<Add option="-O3" />
					<Add option="-g" />
					<Add option="-march=nehalem" />
					<Add option="-Wlogical-op" />
					<Add option="-Wduplicated-cond" />
					<Add option="-Wduplicated-branches" />
					<Add option="-DEXTERN_IP" />
				</Compiler>
				<ExtraCommands>
					<Add after="deploy.bat" />
					<Mode after="always" />
				</ExtraCommands>
			</Target>
			<Target title="ReleaseAndTest">
				<Option output="bin/ReleaseTest/crapmud" prefix_auto="1" extension_auto="1" />
				<Option object_output="obj/ReleaseTest/" />
				<Option type="1" />
				<Option compiler="gcc" />
				<Compiler>
					<Add option="-O3" />
					<Add option="-march=nehalem" />
					<Add option="-s" />
					<Add option="-Wlogical-op" />
					<Add option="-Wduplicated-cond" />
					<Add option="-Wduplicated-branches" />
					<Add option="-DLOCAL_IP" />
					<Add option="-DTESTING" />
				</Compiler>
			</Target>
			<Target title="DebugBacktrace">
				<Option output="bin/Debug/crapmud" prefix_auto="1" extension_auto="1" />
				<Option object_output="obj/Debug/" />
				<Option type="1" />
				<Option compiler="gcc" />
				<Compiler>
					<Add option="-g" />
					<Add option="-DLOCAL_IP" />
				</Compiler>
				<ExtraCommands>
					<Add after="debug_backtrace.bat" />
					<Mode after="always" />
				</ExtraCommands>
			</Target>
			<Target title="DebugTest">
				<Option output="bin/DebugTest/crapmud" prefix_auto="1" extension_auto="1" />
				<Option object_output="obj/DebugTest/" />
				<Option type="1" />
				<Option compiler="gcc" />
				<Compiler>
					<Add option="-g" />
					<Add option="-Og" />
					<Add option="-DLOCAL_IP" />
					<Add option="-DTESTING" />
				</Compiler>
			</Target>
			<Target title="DMimic">
				<Option output="bin/DeployM/crapmud" prefix_auto="1" extension_auto="1" />
				<Option object_output="obj/DeployM/" />
				<Option type="1" />
				<Option compiler="gcc" />
				<Compiler>
					<Add option="-O3" />
					<Add option="-g" />
					<Add option="-march=nehalem" />
					<Add option="-DLOCAL_IP" />
					<Add option="-DTESTING" />
				</Compiler>
				<ExtraCommands>
					<Add after="deploy.bat" />
					<Mode after="always" />
				</ExtraCommands>
			</Target>
			<Target title="ReleaseAndTestWithDebugInfo">
				<Option output="bin/ReleaseTestDebug/crapmud" prefix_auto="1" extension_auto="1" />
				<Option object_output="obj/ReleaseTestDebug/" />
				<Option type="1" />
				<Option compiler="gcc" />
				<Compiler>
					<Add option="-O3" />
					<Add option="-march=nehalem" />
					<Add option="-g" />
					<Add option="-DLOCAL_IP" />
					<Add option="-DTESTING" />
				</Compiler>
			</Target>
			<Target title="RDClang">
				<Option output="bin/ReleaseTestDebugClang/crapmud" prefix_auto="1" extension_auto="1" />
				<Option object_output="obj/ReleaseTestDebugClang/" />
				<Option type="1" />
				<Option compiler="clang" />
				<Compiler>
					<Add option="-fsanitize=undefined-trap -fsanitize-undefined-trap-on-error" />
					<Add option="-m64" />
					<Add option="-O1" />
					<Add option="-g" />
					<Add option="-std=c++17" />
					<Add option="-DLOCAL_IP" />
					<Add option="-DTESTING" />
				</Compiler>
				<Linker>
					<Add option="-m64" />
				</Linker>
			</Target>
			<Target title="RT_prof">
				<Option output="bin/ReleaseTestProfile/crapmud" prefix_auto="1" extension_auto="1" />
				<Option object_output="obj/ReleaseTestProfile/" />
				<Option type="1" />
				<Option compiler="gcc" />
				<Compiler>
					<Add option="-O2" />
					<Add option="-march=nehalem" />
					<Add option="-pg" />
					<Add option="-g" />
					<Add option="-DLOCAL_IP" />
					<Add option="-DTESTING" />
				</Compiler>
				<Linker>
					<Add option="-pg" />
				</Linker>
			</Target>
			<Target title="ReleaseAndTestLTO">
				<Option output="bin/ReleaseTestLTO/crapmud" prefix_auto="1" extension_auto="1" />
				<Option object_output="obj/ReleaseTestLTO/" />
				<Option type="1" />
				<Option compiler="gcc" />
				<Compiler>
					<Add option="-fexpensive-optimizations" />
					<Add option="-flto" />
					<Add option="-O3" />
					<Add option="-march=nehalem" />
					<Add option="-s" />
					<Add option="-DLOCAL_IP" />
					<Add option="-DTESTING" />
				</Compiler>
				<Linker>
					<Add option="-flto" />
					<Add option="-s" />
				</Linker>
			</Target>
			<Target title="LinuxRelease">
				<Option output="bin/LRelease/crapmud" prefix_auto="1" extension_auto="1" />
				<Option object_output="obj/LRelease/" />
				<Option type="1" />
				<Option compiler="gcc" />
				<Option projectLinkerOptionsRelation="1" />
				<Option projectLibDirsRelation="1" />
				<Compiler>
					<Add option="-O3" />
					<Add option="-std=c++1z" />
					<Add option="-g" />
					<Add option="-march=nehalem" />
					<Add option="-no-pie" />
					<Add option="-DLOCAL_IP" />
				</Compiler>
				<Linker>
					<Add option="-O3" />
					<Add option="-lsfml-system" />
					<Add option="-lcrypto" />
					<Add option="-lssl" />
					<Add option="-fno-pie" />
					<Add option="-lbacktrace" />
					<Add option="-pthread" />
					<Add option="-ldl" />
					<Add option="-lsdkencryptedappticket" />
					<Add directory="deps/libs" />
					<Add directory="deps/steamworks_sdk_142/sdk/public/steam/lib/linux64" />
				</Linker>
			</Target>
			<Target title="LinuxDeploy">
				<Option output="bin/LDeploy/crapmud" prefix_auto="1" extension_auto="1" />
				<Option object_output="obj/LDeploy/" />
				<Option type="1" />
				<Option compiler="gcc" />
				<Option projectLinkerOptionsRelation="1" />
				<Option projectLibDirsRelation="1" />
				<Compiler>
					<Add option="-O3" />
					<Add option="-std=c++1z" />
					<Add option="-g" />
					<Add option="-march=nehalem" />
					<Add option="-no-pie" />
					<Add option="-DEXTERN_IP" />
				</Compiler>
				<Linker>
					<Add option="-O3" />
					<Add option="-lsfml-system" />
					<Add option="-lcrypto" />
					<Add option="-lssl" />
					<Add option="-fno-pie" />
					<Add option="-lbacktrace" />
					<Add option="-pthread" />
					<Add option="-ldl" />
					<Add option="-lsdkencryptedappticket" />
					<Add directory="deps/libs" />
					<Add directory="deps/steamworks_sdk_142/sdk/public/steam/lib/linux64" />
				</Linker>
			</Target>
			<Target title="MakeLinuxReleaseWSL">
				<Option output="bin/LRelease/crapmud" prefix_auto="1" extension_auto="1" />
				<Option object_output="obj/LRelease/" />
				<Option type="1" />
				<Option compiler="gcc" />
				<Option projectLinkerOptionsRelation="1" />
				<Option projectLibDirsRelation="1" />
				<ExtraCommands>
					<Add before="update_makefile.bat" />
					<Add before="wsl make -j4 linuxrelease" />
					<Mode after="always" />
				</ExtraCommands>
			</Target>
			<Target title="MakeLinuxDeployWSL">
				<Option output="bin/LDeploy/crapmud" prefix_auto="1" extension_auto="1" />
				<Option object_output="obj/LDeploy/" />
				<Option type="1" />
				<Option compiler="gcc" />
				<Option projectLinkerOptionsRelation="1" />
				<Option projectLibDirsRelation="1" />
				<ExtraCommands>
					<Add before="update_makefile.bat" />
					<Add before="wsl make -j4 linuxdeploy" />
					<Mode after="always" />
				</ExtraCommands>
			</Target>
		</Build>
		<Compiler>
			<Add option="-Wnon-virtual-dtor" />
			<Add option="-Winit-self" />
			<Add option="-Wunreachable-code" />
			<Add option="-Wextra" />
			<Add option="-Wall" />
			<Add option="-std=c++1z" />
			<Add option="-fexceptions" />
			<Add option="-Wno-narrowing" />
			<Add option="-fno-strict-aliasing" />
			<Add option="-Wno-unused-parameter" />
			<Add option="-Wno-unused-label" />
			<Add option="-no-pie" />
			<Add option="-Werror=return-type" />
			<Add option="-DBOOST_STACKTRACE_USE_BACKTRACE" />
			<Add option="-DSERVER" />
			<Add directory="deps" />
		</Compiler>
		<Linker>
			<Add option="-lmingw32" />
			<Add option="-lsfml-system" />
			<Add option="-lws2_32" />
			<Add option="-lboost_system-mt" />
			<Add option="-lmswsock" />
			<Add option="-lole32" />
			<Add option="-lboost_filesystem-mt" />
			<Add option="-ldbgeng" />
			<Add option="-lcrypto" />
			<Add option="-lssl" />
			<Add option="-ldl" />
			<Add option="-fno-pie" />
			<Add option="-lbacktrace" />
			<Add option="-lsdkencryptedappticket64" />
			<Add directory="deps/libs" />
			<Add directory="deps/steamworks_sdk_142/sdk/public/steam/lib/win64" />
		</Linker>
		<Unit filename="ascii_helpers.cpp">
			<Option target="Debug" />
			<Option target="Release" />
			<Option target="Deploy" />
			<Option target="ReleaseAndTest" />
			<Option target="DebugBacktrace" />
			<Option target="DebugTest" />
			<Option target="DMimic" />
			<Option target="ReleaseAndTestWithDebugInfo" />
			<Option target="RDClang" />
			<Option target="RT_prof" />
			<Option target="ReleaseAndTestLTO" />
			<Option target="LinuxRelease" />
			<Option target="LinuxDeploy" />
		</Unit>
		<Unit filename="ascii_helpers.hpp">
			<Option target="Debug" />
			<Option target="Release" />
			<Option target="Deploy" />
			<Option target="ReleaseAndTest" />
			<Option target="DebugBacktrace" />
			<Option target="DebugTest" />
			<Option target="DMimic" />
			<Option target="ReleaseAndTestWithDebugInfo" />
			<Option target="RDClang" />
			<Option target="RT_prof" />
			<Option target="ReleaseAndTestLTO" />
			<Option target="LinuxRelease" />
			<Option target="LinuxDeploy" />
		</Unit>
		<Unit filename="auth.cpp">
			<Option target="Debug" />
			<Option target="Release" />
			<Option target="Deploy" />
			<Option target="ReleaseAndTest" />
			<Option target="DebugBacktrace" />
			<Option target="DebugTest" />
			<Option target="DMimic" />
			<Option target="ReleaseAndTestWithDebugInfo" />
			<Option target="RDClang" />
			<Option target="RT_prof" />
			<Option target="ReleaseAndTestLTO" />
			<Option target="LinuxRelease" />
			<Option target="LinuxDeploy" />
		</Unit>
		<Unit filename="auth.hpp">
			<Option target="Debug" />
			<Option target="Release" />
			<Option target="Deploy" />
			<Option target="ReleaseAndTest" />
			<Option target="DebugBacktrace" />
			<Option target="DebugTest" />
			<Option target="DMimic" />
			<Option target="ReleaseAndTestWithDebugInfo" />
			<Option target="RDClang" />
			<Option target="RT_prof" />
			<Option target="ReleaseAndTestLTO" />
			<Option target="LinuxRelease" />
			<Option target="LinuxDeploy" />
		</Unit>
		<Unit filename="command_handler.cpp">
			<Option target="Debug" />
			<Option target="Release" />
			<Option target="Deploy" />
			<Option target="ReleaseAndTest" />
			<Option target="DebugBacktrace" />
			<Option target="DebugTest" />
			<Option target="DMimic" />
			<Option target="ReleaseAndTestWithDebugInfo" />
			<Option target="RDClang" />
			<Option target="RT_prof" />
			<Option target="ReleaseAndTestLTO" />
			<Option target="LinuxRelease" />
			<Option target="LinuxDeploy" />
		</Unit>
		<Unit filename="command_handler.hpp">
			<Option target="Debug" />
			<Option target="Release" />
			<Option target="Deploy" />
			<Option target="ReleaseAndTest" />
			<Option target="DebugBacktrace" />
			<Option target="DebugTest" />
			<Option target="DMimic" />
			<Option target="ReleaseAndTestWithDebugInfo" />
			<Option target="RDClang" />
			<Option target="RT_prof" />
			<Option target="ReleaseAndTestLTO" />
			<Option target="LinuxRelease" />
			<Option target="LinuxDeploy" />
		</Unit>
		<Unit filename="command_handler_state.cpp">
			<Option target="Debug" />
			<Option target="Release" />
			<Option target="Deploy" />
			<Option target="ReleaseAndTest" />
			<Option target="DebugBacktrace" />
			<Option target="DebugTest" />
			<Option target="DMimic" />
			<Option target="ReleaseAndTestWithDebugInfo" />
			<Option target="RDClang" />
			<Option target="RT_prof" />
			<Option target="ReleaseAndTestLTO" />
			<Option target="LinuxRelease" />
			<Option target="LinuxDeploy" />
		</Unit>
		<Unit filename="command_handler_state.hpp">
			<Option target="Debug" />
			<Option target="Release" />
			<Option target="Deploy" />
			<Option target="ReleaseAndTest" />
			<Option target="DebugBacktrace" />
			<Option target="DebugTest" />
			<Option target="DMimic" />
			<Option target="ReleaseAndTestWithDebugInfo" />
			<Option target="RDClang" />
			<Option target="RT_prof" />
			<Option target="ReleaseAndTestLTO" />
			<Option target="LinuxRelease" />
			<Option target="LinuxDeploy" />
		</Unit>
		<Unit filename="db_storage_backend.cpp">
			<Option target="Debug" />
			<Option target="Release" />
			<Option target="Deploy" />
			<Option target="ReleaseAndTest" />
			<Option target="DebugBacktrace" />
			<Option target="DebugTest" />
			<Option target="DMimic" />
			<Option target="ReleaseAndTestWithDebugInfo" />
			<Option target="RDClang" />
			<Option target="RT_prof" />
			<Option target="ReleaseAndTestLTO" />
			<Option target="LinuxRelease" />
			<Option target="LinuxDeploy" />
		</Unit>
		<Unit filename="db_storage_backend.hpp">
			<Option target="Debug" />
			<Option target="Release" />
			<Option target="Deploy" />
			<Option target="ReleaseAndTest" />
			<Option target="DebugBacktrace" />
			<Option target="DebugTest" />
			<Option target="DMimic" />
			<Option target="ReleaseAndTestWithDebugInfo" />
			<Option target="RDClang" />
			<Option target="RT_prof" />
			<Option target="ReleaseAndTestLTO" />
			<Option target="LinuxRelease" />
			<Option target="LinuxDeploy" />
		</Unit>
		<Unit filename="deps/networking/beast_compilation_unit.cpp">
			<Option target="Debug" />
			<Option target="Release" />
			<Option target="Deploy" />
			<Option target="ReleaseAndTest" />
			<Option target="DebugBacktrace" />
			<Option target="DebugTest" />
			<Option target="DMimic" />
			<Option target="ReleaseAndTestWithDebugInfo" />
			<Option target="RDClang" />
			<Option target="RT_prof" />
			<Option target="ReleaseAndTestLTO" />
			<Option target="LinuxRelease" />
			<Option target="LinuxDeploy" />
		</Unit>
		<Unit filename="deps/networking/networking.cpp">
			<Option target="Debug" />
			<Option target="Release" />
			<Option target="Deploy" />
			<Option target="ReleaseAndTest" />
			<Option target="DebugBacktrace" />
			<Option target="DebugTest" />
			<Option target="DMimic" />
			<Option target="ReleaseAndTestWithDebugInfo" />
			<Option target="RDClang" />
			<Option target="RT_prof" />
			<Option target="ReleaseAndTestLTO" />
			<Option target="LinuxRelease" />
			<Option target="LinuxDeploy" />
		</Unit>
		<Unit filename="deps/networking/networking.hpp">
			<Option target="Debug" />
			<Option target="Release" />
			<Option target="Deploy" />
			<Option target="ReleaseAndTest" />
			<Option target="DebugBacktrace" />
			<Option target="DebugTest" />
			<Option target="DMimic" />
			<Option target="ReleaseAndTestWithDebugInfo" />
			<Option target="RDClang" />
			<Option target="RT_prof" />
			<Option target="ReleaseAndTestLTO" />
			<Option target="LinuxRelease" />
			<Option target="LinuxDeploy" />
		</Unit>
		<Unit filename="deps/networking/serialisable.cpp">
			<Option target="Debug" />
			<Option target="Release" />
			<Option target="Deploy" />
			<Option target="ReleaseAndTest" />
			<Option target="DebugBacktrace" />
			<Option target="DebugTest" />
			<Option target="DMimic" />
			<Option target="ReleaseAndTestWithDebugInfo" />
			<Option target="RDClang" />
			<Option target="RT_prof" />
			<Option target="ReleaseAndTestLTO" />
			<Option target="LinuxRelease" />
			<Option target="LinuxDeploy" />
		</Unit>
		<Unit filename="deps/networking/serialisable.hpp">
			<Option target="Debug" />
			<Option target="Release" />
			<Option target="Deploy" />
			<Option target="ReleaseAndTest" />
			<Option target="DebugBacktrace" />
			<Option target="DebugTest" />
			<Option target="DMimic" />
			<Option target="ReleaseAndTestWithDebugInfo" />
			<Option target="RDClang" />
			<Option target="RT_prof" />
			<Option target="ReleaseAndTestLTO" />
			<Option target="LinuxRelease" />
			<Option target="LinuxDeploy" />
		</Unit>
		<Unit filename="deps/networking/serialisable_fwd.hpp">
			<Option target="Debug" />
			<Option target="Release" />
			<Option target="Deploy" />
			<Option target="ReleaseAndTest" />
			<Option target="DebugBacktrace" />
			<Option target="DebugTest" />
			<Option target="DMimic" />
			<Option target="ReleaseAndTestWithDebugInfo" />
			<Option target="RDClang" />
			<Option target="RT_prof" />
			<Option target="ReleaseAndTestLTO" />
			<Option target="LinuxRelease" />
			<Option target="LinuxDeploy" />
		</Unit>
		<Unit filename="deps/secret/common.cpp">
			<Option target="Debug" />
			<Option target="Release" />
			<Option target="Deploy" />
			<Option target="ReleaseAndTest" />
			<Option target="DebugBacktrace" />
			<Option target="DebugTest" />
			<Option target="DMimic" />
			<Option target="ReleaseAndTestWithDebugInfo" />
			<Option target="RDClang" />
			<Option target="RT_prof" />
			<Option target="ReleaseAndTestLTO" />
			<Option target="LinuxRelease" />
			<Option target="LinuxDeploy" />
		</Unit>
		<Unit filename="deps/secret/common.hpp">
			<Option target="Debug" />
			<Option target="Release" />
			<Option target="Deploy" />
			<Option target="ReleaseAndTest" />
			<Option target="DebugBacktrace" />
			<Option target="DebugTest" />
			<Option target="DMimic" />
			<Option target="ReleaseAndTestWithDebugInfo" />
			<Option target="RDClang" />
			<Option target="RT_prof" />
			<Option target="ReleaseAndTestLTO" />
			<Option target="LinuxRelease" />
			<Option target="LinuxDeploy" />
		</Unit>
		<Unit filename="deps/secret/initial_link_setup.cpp">
			<Option target="Debug" />
			<Option target="Release" />
			<Option target="Deploy" />
			<Option target="ReleaseAndTest" />
			<Option target="DebugBacktrace" />
			<Option target="DebugTest" />
			<Option target="DMimic" />
			<Option target="ReleaseAndTestWithDebugInfo" />
			<Option target="RDClang" />
			<Option target="RT_prof" />
			<Option target="ReleaseAndTestLTO" />
			<Option target="LinuxRelease" />
			<Option target="LinuxDeploy" />
		</Unit>
		<Unit filename="deps/secret/initial_link_setup.hpp">
			<Option target="Debug" />
			<Option target="Release" />
			<Option target="Deploy" />
			<Option target="ReleaseAndTest" />
			<Option target="DebugBacktrace" />
			<Option target="DebugTest" />
			<Option target="DMimic" />
			<Option target="ReleaseAndTestWithDebugInfo" />
			<Option target="RDClang" />
			<Option target="RT_prof" />
			<Option target="ReleaseAndTestLTO" />
			<Option target="LinuxRelease" />
			<Option target="LinuxDeploy" />
		</Unit>
		<Unit filename="deps/secret/items_secret.hpp">
			<Option target="Debug" />
			<Option target="Release" />
			<Option target="Deploy" />
			<Option target="ReleaseAndTest" />
			<Option target="DebugBacktrace" />
			<Option target="DebugTest" />
			<Option target="DMimic" />
			<Option target="ReleaseAndTestWithDebugInfo" />
			<Option target="RDClang" />
			<Option target="RT_prof" />
			<Option target="ReleaseAndTestLTO" />
			<Option target="LinuxRelease" />
			<Option target="LinuxDeploy" />
		</Unit>
		<Unit filename="deps/secret/loot_gen.cpp">
			<Option target="Debug" />
			<Option target="Release" />
			<Option target="Deploy" />
			<Option target="ReleaseAndTest" />
			<Option target="DebugBacktrace" />
			<Option target="DebugTest" />
			<Option target="DMimic" />
			<Option target="ReleaseAndTestWithDebugInfo" />
			<Option target="RDClang" />
			<Option target="RT_prof" />
			<Option target="ReleaseAndTestLTO" />
			<Option target="LinuxRelease" />
			<Option target="LinuxDeploy" />
		</Unit>
		<Unit filename="deps/secret/loot_gen.hpp">
			<Option target="Debug" />
			<Option target="Release" />
			<Option target="Deploy" />
			<Option target="ReleaseAndTest" />
			<Option target="DebugBacktrace" />
			<Option target="DebugTest" />
			<Option target="DMimic" />
			<Option target="ReleaseAndTestWithDebugInfo" />
			<Option target="RDClang" />
			<Option target="RT_prof" />
			<Option target="ReleaseAndTestLTO" />
			<Option target="LinuxRelease" />
			<Option target="LinuxDeploy" />
		</Unit>
		<Unit filename="deps/secret/low_level_structure.cpp">
			<Option target="Debug" />
			<Option target="Release" />
			<Option target="Deploy" />
			<Option target="ReleaseAndTest" />
			<Option target="DebugBacktrace" />
			<Option target="DebugTest" />
			<Option target="DMimic" />
			<Option target="ReleaseAndTestWithDebugInfo" />
			<Option target="RDClang" />
			<Option target="RT_prof" />
			<Option target="ReleaseAndTestLTO" />
			<Option target="LinuxRelease" />
			<Option target="LinuxDeploy" />
		</Unit>
		<Unit filename="deps/secret/low_level_structure.hpp">
			<Option target="Debug" />
			<Option target="Release" />
			<Option target="Deploy" />
			<Option target="ReleaseAndTest" />
			<Option target="DebugBacktrace" />
			<Option target="DebugTest" />
			<Option target="DMimic" />
			<Option target="ReleaseAndTestWithDebugInfo" />
			<Option target="RDClang" />
			<Option target="RT_prof" />
			<Option target="ReleaseAndTestLTO" />
			<Option target="LinuxRelease" />
			<Option target="LinuxDeploy" />
		</Unit>
		<Unit filename="deps/secret/node.cpp">
			<Option target="Debug" />
			<Option target="Release" />
			<Option target="Deploy" />
			<Option target="ReleaseAndTest" />
			<Option target="DebugBacktrace" />
			<Option target="DebugTest" />
			<Option target="DMimic" />
			<Option target="ReleaseAndTestWithDebugInfo" />
			<Option target="RDClang" />
			<Option target="RT_prof" />
			<Option target="ReleaseAndTestLTO" />
			<Option target="LinuxRelease" />
			<Option target="LinuxDeploy" />
		</Unit>
		<Unit filename="deps/secret/node.hpp">
			<Option target="Debug" />
			<Option target="Release" />
			<Option target="Deploy" />
			<Option target="ReleaseAndTest" />
			<Option target="DebugBacktrace" />
			<Option target="DebugTest" />
			<Option target="DMimic" />
			<Option target="ReleaseAndTestWithDebugInfo" />
			<Option target="RDClang" />
			<Option target="RT_prof" />
			<Option target="ReleaseAndTestLTO" />
			<Option target="LinuxRelease" />
			<Option target="LinuxDeploy" />
		</Unit>
		<Unit filename="deps/secret/npc_manager.cpp">
			<Option target="Debug" />
			<Option target="Release" />
			<Option target="Deploy" />
			<Option target="ReleaseAndTest" />
			<Option target="DebugBacktrace" />
			<Option target="DebugTest" />
			<Option target="DMimic" />
			<Option target="ReleaseAndTestWithDebugInfo" />
			<Option target="RDClang" />
			<Option target="RT_prof" />
			<Option target="ReleaseAndTestLTO" />
			<Option target="LinuxRelease" />
			<Option target="LinuxDeploy" />
		</Unit>
		<Unit filename="deps/secret/npc_manager.hpp">
			<Option target="Debug" />
			<Option target="Release" />
			<Option target="Deploy" />
			<Option target="ReleaseAndTest" />
			<Option target="DebugBacktrace" />
			<Option target="DebugTest" />
			<Option target="DMimic" />
			<Option target="ReleaseAndTestWithDebugInfo" />
			<Option target="RDClang" />
			<Option target="RT_prof" />
			<Option target="ReleaseAndTestLTO" />
			<Option target="LinuxRelease" />
			<Option target="LinuxDeploy" />
		</Unit>
		<Unit filename="deps/secret/one_shot_core.cpp">
			<Option target="Debug" />
			<Option target="Release" />
			<Option target="Deploy" />
			<Option target="ReleaseAndTest" />
			<Option target="DebugBacktrace" />
			<Option target="DebugTest" />
			<Option target="DMimic" />
			<Option target="ReleaseAndTestWithDebugInfo" />
			<Option target="RDClang" />
			<Option target="RT_prof" />
			<Option target="ReleaseAndTestLTO" />
			<Option target="LinuxRelease" />
			<Option target="LinuxDeploy" />
		</Unit>
		<Unit filename="deps/secret/one_shot_core.hpp">
			<Option target="Debug" />
			<Option target="Release" />
			<Option target="Deploy" />
			<Option target="ReleaseAndTest" />
			<Option target="DebugBacktrace" />
			<Option target="DebugTest" />
			<Option target="DMimic" />
			<Option target="ReleaseAndTestWithDebugInfo" />
			<Option target="RDClang" />
			<Option target="RT_prof" />
			<Option target="ReleaseAndTestLTO" />
			<Option target="LinuxRelease" />
			<Option target="LinuxDeploy" />
		</Unit>
		<Unit filename="deps/secret/one_shots.cpp">
			<Option target="Debug" />
			<Option target="Release" />
			<Option target="Deploy" />
			<Option target="ReleaseAndTest" />
			<Option target="DebugBacktrace" />
			<Option target="DebugTest" />
			<Option target="DMimic" />
			<Option target="ReleaseAndTestWithDebugInfo" />
			<Option target="RDClang" />
			<Option target="RT_prof" />
			<Option target="ReleaseAndTestLTO" />
			<Option target="LinuxRelease" />
			<Option target="LinuxDeploy" />
		</Unit>
		<Unit filename="deps/secret/one_shots.hpp">
			<Option target="Debug" />
			<Option target="Release" />
			<Option target="Deploy" />
			<Option target="ReleaseAndTest" />
			<Option target="DebugBacktrace" />
			<Option target="DebugTest" />
			<Option target="DMimic" />
			<Option target="ReleaseAndTestWithDebugInfo" />
			<Option target="RDClang" />
			<Option target="RT_prof" />
			<Option target="ReleaseAndTestLTO" />
			<Option target="LinuxRelease" />
			<Option target="LinuxDeploy" />
		</Unit>
		<Unit filename="deps/secret/secret.cpp">
			<Option target="Debug" />
			<Option target="Release" />
			<Option target="Deploy" />
			<Option target="ReleaseAndTest" />
			<Option target="DebugBacktrace" />
			<Option target="DebugTest" />
			<Option target="DMimic" />
			<Option target="ReleaseAndTestWithDebugInfo" />
			<Option target="RDClang" />
			<Option target="RT_prof" />
			<Option target="ReleaseAndTestLTO" />
			<Option target="LinuxRelease" />
			<Option target="LinuxDeploy" />
		</Unit>
		<Unit filename="deps/secret/secret.hpp">
			<Option target="Debug" />
			<Option target="Release" />
			<Option target="Deploy" />
			<Option target="ReleaseAndTest" />
			<Option target="DebugBacktrace" />
			<Option target="DebugTest" />
			<Option target="DMimic" />
			<Option target="ReleaseAndTestWithDebugInfo" />
			<Option target="RDClang" />
			<Option target="RT_prof" />
			<Option target="ReleaseAndTestLTO" />
			<Option target="LinuxRelease" />
			<Option target="LinuxDeploy" />
		</Unit>
		<Unit filename="deps/secret/special_user_scripts.cpp">
			<Option target="Debug" />
			<Option target="Release" />
			<Option target="Deploy" />
			<Option target="ReleaseAndTest" />
			<Option target="DebugBacktrace" />
			<Option target="DebugTest" />
			<Option target="DMimic" />
			<Option target="ReleaseAndTestWithDebugInfo" />
			<Option target="RDClang" />
			<Option target="RT_prof" />
			<Option target="ReleaseAndTestLTO" />
			<Option target="LinuxRelease" />
			<Option target="LinuxDeploy" />
		</Unit>
		<Unit filename="deps/secret/special_user_scripts.hpp">
			<Option target="Debug" />
			<Option target="Release" />
			<Option target="Deploy" />
			<Option target="ReleaseAndTest" />
			<Option target="DebugBacktrace" />
			<Option target="DebugTest" />
			<Option target="DMimic" />
			<Option target="ReleaseAndTestWithDebugInfo" />
			<Option target="RDClang" />
			<Option target="RT_prof" />
			<Option target="ReleaseAndTestLTO" />
			<Option target="LinuxRelease" />
			<Option target="LinuxDeploy" />
		</Unit>
		<Unit filename="deps/secret/structure.cpp">
			<Option target="Debug" />
			<Option target="Release" />
			<Option target="Deploy" />
			<Option target="ReleaseAndTest" />
			<Option target="DebugBacktrace" />
			<Option target="DebugTest" />
			<Option target="DMimic" />
			<Option target="ReleaseAndTestWithDebugInfo" />
			<Option target="RDClang" />
			<Option target="RT_prof" />
			<Option target="ReleaseAndTestLTO" />
			<Option target="LinuxRelease" />
			<Option target="LinuxDeploy" />
		</Unit>
		<Unit filename="deps/secret/structure.hpp">
			<Option target="Debug" />
			<Option target="Release" />
			<Option target="Deploy" />
			<Option target="ReleaseAndTest" />
			<Option target="DebugBacktrace" />
			<Option target="DebugTest" />
			<Option target="DMimic" />
			<Option target="ReleaseAndTestWithDebugInfo" />
			<Option target="RDClang" />
			<Option target="RT_prof" />
			<Option target="ReleaseAndTestLTO" />
			<Option target="LinuxRelease" />
			<Option target="LinuxDeploy" />
		</Unit>
		<Unit filename="deps/secret/tutorial.cpp">
			<Option target="Debug" />
			<Option target="Release" />
			<Option target="Deploy" />
			<Option target="ReleaseAndTest" />
			<Option target="DebugBacktrace" />
			<Option target="DebugTest" />
			<Option target="DMimic" />
			<Option target="ReleaseAndTestWithDebugInfo" />
			<Option target="RDClang" />
			<Option target="RT_prof" />
			<Option target="ReleaseAndTestLTO" />
			<Option target="LinuxRelease" />
			<Option target="LinuxDeploy" />
		</Unit>
		<Unit filename="deps/secret/tutorial.hpp">
			<Option target="Debug" />
			<Option target="Release" />
			<Option target="Deploy" />
			<Option target="ReleaseAndTest" />
			<Option target="DebugBacktrace" />
			<Option target="DebugTest" />
			<Option target="DMimic" />
			<Option target="ReleaseAndTestWithDebugInfo" />
			<Option target="RDClang" />
			<Option target="RT_prof" />
			<Option target="ReleaseAndTestLTO" />
			<Option target="LinuxRelease" />
			<Option target="LinuxDeploy" />
		</Unit>
		<Unit filename="duk_module_duktape.cpp">
			<Option target="Debug" />
			<Option target="Release" />
			<Option target="Deploy" />
			<Option target="ReleaseAndTest" />
			<Option target="DebugBacktrace" />
			<Option target="DebugTest" />
			<Option target="DMimic" />
			<Option target="ReleaseAndTestWithDebugInfo" />
			<Option target="RDClang" />
			<Option target="RT_prof" />
			<Option target="ReleaseAndTestLTO" />
			<Option target="LinuxRelease" />
			<Option target="LinuxDeploy" />
		</Unit>
		<Unit filename="duk_modules.cpp">
			<Option target="Debug" />
			<Option target="Release" />
			<Option target="Deploy" />
			<Option target="ReleaseAndTest" />
			<Option target="DebugBacktrace" />
			<Option target="DebugTest" />
			<Option target="DMimic" />
			<Option target="ReleaseAndTestWithDebugInfo" />
			<Option target="RDClang" />
			<Option target="RT_prof" />
			<Option target="ReleaseAndTestLTO" />
			<Option target="LinuxRelease" />
			<Option target="LinuxDeploy" />
		</Unit>
		<Unit filename="duk_modules.hpp">
			<Option target="Debug" />
			<Option target="Release" />
			<Option target="Deploy" />
			<Option target="ReleaseAndTest" />
			<Option target="DebugBacktrace" />
			<Option target="DebugTest" />
			<Option target="DMimic" />
			<Option target="ReleaseAndTestWithDebugInfo" />
			<Option target="RDClang" />
			<Option target="RT_prof" />
			<Option target="ReleaseAndTestLTO" />
			<Option target="LinuxRelease" />
			<Option target="LinuxDeploy" />
		</Unit>
		<Unit filename="duk_object_functions.cpp">
			<Option target="Debug" />
			<Option target="Release" />
			<Option target="Deploy" />
			<Option target="ReleaseAndTest" />
			<Option target="DebugBacktrace" />
			<Option target="DebugTest" />
			<Option target="DMimic" />
			<Option target="ReleaseAndTestWithDebugInfo" />
			<Option target="RDClang" />
			<Option target="RT_prof" />
			<Option target="ReleaseAndTestLTO" />
			<Option target="LinuxRelease" />
			<Option target="LinuxDeploy" />
		</Unit>
		<Unit filename="duk_object_functions.hpp">
			<Option target="Debug" />
			<Option target="Release" />
			<Option target="Deploy" />
			<Option target="ReleaseAndTest" />
			<Option target="DebugBacktrace" />
			<Option target="DebugTest" />
			<Option target="DMimic" />
			<Option target="ReleaseAndTestWithDebugInfo" />
			<Option target="RDClang" />
			<Option target="RT_prof" />
			<Option target="ReleaseAndTestLTO" />
			<Option target="LinuxRelease" />
			<Option target="LinuxDeploy" />
		</Unit>
		<Unit filename="duktape.cpp">
			<Option target="Debug" />
			<Option target="Release" />
			<Option target="Deploy" />
			<Option target="ReleaseAndTest" />
			<Option target="DebugBacktrace" />
			<Option target="DebugTest" />
			<Option target="DMimic" />
			<Option target="ReleaseAndTestWithDebugInfo" />
			<Option target="RDClang" />
			<Option target="RT_prof" />
			<Option target="ReleaseAndTestLTO" />
			<Option target="LinuxRelease" />
			<Option target="LinuxDeploy" />
		</Unit>
		<Unit filename="event_manager.cpp">
			<Option target="Debug" />
			<Option target="Release" />
			<Option target="Deploy" />
			<Option target="ReleaseAndTest" />
			<Option target="DebugBacktrace" />
			<Option target="DebugTest" />
			<Option target="DMimic" />
			<Option target="ReleaseAndTestWithDebugInfo" />
			<Option target="RDClang" />
			<Option target="RT_prof" />
			<Option target="ReleaseAndTestLTO" />
			<Option target="LinuxRelease" />
			<Option target="LinuxDeploy" />
		</Unit>
		<Unit filename="event_manager.hpp">
			<Option target="Debug" />
			<Option target="Release" />
			<Option target="Deploy" />
			<Option target="ReleaseAndTest" />
			<Option target="DebugBacktrace" />
			<Option target="DebugTest" />
			<Option target="DMimic" />
			<Option target="ReleaseAndTestWithDebugInfo" />
			<Option target="RDClang" />
			<Option target="RT_prof" />
			<Option target="ReleaseAndTestLTO" />
			<Option target="LinuxRelease" />
			<Option target="LinuxDeploy" />
		</Unit>
		<Unit filename="exec_context.cpp">
			<Option target="Debug" />
			<Option target="Release" />
			<Option target="Deploy" />
			<Option target="ReleaseAndTest" />
			<Option target="DebugBacktrace" />
			<Option target="DebugTest" />
			<Option target="DMimic" />
			<Option target="ReleaseAndTestWithDebugInfo" />
			<Option target="RDClang" />
			<Option target="RT_prof" />
			<Option target="ReleaseAndTestLTO" />
			<Option target="LinuxRelease" />
			<Option target="LinuxDeploy" />
		</Unit>
		<Unit filename="exec_context.hpp">
			<Option target="Debug" />
			<Option target="Release" />
			<Option target="Deploy" />
			<Option target="ReleaseAndTest" />
			<Option target="DebugBacktrace" />
			<Option target="DebugTest" />
			<Option target="DMimic" />
			<Option target="ReleaseAndTestWithDebugInfo" />
			<Option target="RDClang" />
			<Option target="RT_prof" />
			<Option target="ReleaseAndTestLTO" />
			<Option target="LinuxRelease" />
			<Option target="LinuxDeploy" />
		</Unit>
		<Unit filename="http_beast_server.cpp">
			<Option target="Debug" />
			<Option target="Release" />
			<Option target="Deploy" />
			<Option target="ReleaseAndTest" />
			<Option target="DebugBacktrace" />
			<Option target="DebugTest" />
			<Option target="DMimic" />
			<Option target="ReleaseAndTestWithDebugInfo" />
			<Option target="RDClang" />
			<Option target="RT_prof" />
			<Option target="ReleaseAndTestLTO" />
			<Option target="LinuxRelease" />
			<Option target="LinuxDeploy" />
		</Unit>
		<Unit filename="http_beast_server.hpp">
			<Option target="Debug" />
			<Option target="Release" />
			<Option target="Deploy" />
			<Option target="ReleaseAndTest" />
			<Option target="DebugBacktrace" />
			<Option target="DebugTest" />
			<Option target="DMimic" />
			<Option target="ReleaseAndTestWithDebugInfo" />
			<Option target="RDClang" />
			<Option target="RT_prof" />
			<Option target="ReleaseAndTestLTO" />
			<Option target="LinuxRelease" />
			<Option target="LinuxDeploy" />
		</Unit>
		<Unit filename="item.cpp">
			<Option target="Debug" />
			<Option target="Release" />
			<Option target="Deploy" />
			<Option target="ReleaseAndTest" />
			<Option target="DebugBacktrace" />
			<Option target="DebugTest" />
			<Option target="DMimic" />
			<Option target="ReleaseAndTestWithDebugInfo" />
			<Option target="RDClang" />
			<Option target="RT_prof" />
			<Option target="ReleaseAndTestLTO" />
			<Option target="LinuxRelease" />
			<Option target="LinuxDeploy" />
		</Unit>
		<Unit filename="item.hpp">
			<Option target="Debug" />
			<Option target="Release" />
			<Option target="Deploy" />
			<Option target="ReleaseAndTest" />
			<Option target="DebugBacktrace" />
			<Option target="DebugTest" />
			<Option target="DMimic" />
			<Option target="ReleaseAndTestWithDebugInfo" />
			<Option target="RDClang" />
			<Option target="RT_prof" />
			<Option target="ReleaseAndTestLTO" />
			<Option target="LinuxRelease" />
			<Option target="LinuxDeploy" />
		</Unit>
		<Unit filename="logging.cpp">
			<Option target="Debug" />
			<Option target="Release" />
			<Option target="Deploy" />
			<Option target="ReleaseAndTest" />
			<Option target="DebugBacktrace" />
			<Option target="DebugTest" />
			<Option target="DMimic" />
			<Option target="ReleaseAndTestWithDebugInfo" />
			<Option target="RDClang" />
			<Option target="RT_prof" />
			<Option target="ReleaseAndTestLTO" />
			<Option target="LinuxRelease" />
			<Option target="LinuxDeploy" />
		</Unit>
		<Unit filename="logging.hpp">
			<Option target="Debug" />
			<Option target="Release" />
			<Option target="Deploy" />
			<Option target="ReleaseAndTest" />
			<Option target="DebugBacktrace" />
			<Option target="DebugTest" />
			<Option target="DMimic" />
			<Option target="ReleaseAndTestWithDebugInfo" />
			<Option target="RDClang" />
			<Option target="RT_prof" />
			<Option target="ReleaseAndTestLTO" />
			<Option target="LinuxRelease" />
			<Option target="LinuxDeploy" />
		</Unit>
		<Unit filename="main.cpp">
			<Option target="Debug" />
			<Option target="Release" />
			<Option target="Deploy" />
			<Option target="ReleaseAndTest" />
			<Option target="DebugBacktrace" />
			<Option target="DebugTest" />
			<Option target="DMimic" />
			<Option target="ReleaseAndTestWithDebugInfo" />
			<Option target="RDClang" />
			<Option target="RT_prof" />
			<Option target="ReleaseAndTestLTO" />
			<Option target="LinuxRelease" />
			<Option target="LinuxDeploy" />
		</Unit>
		<Unit filename="memory_sandbox.hpp">
			<Option target="Debug" />
			<Option target="Release" />
			<Option target="Deploy" />
			<Option target="ReleaseAndTest" />
			<Option target="DebugBacktrace" />
			<Option target="DebugTest" />
			<Option target="DMimic" />
			<Option target="ReleaseAndTestWithDebugInfo" />
			<Option target="RDClang" />
			<Option target="RT_prof" />
			<Option target="ReleaseAndTestLTO" />
			<Option target="LinuxRelease" />
			<Option target="LinuxDeploy" />
		</Unit>
		<Unit filename="mongo.cpp">
			<Option target="Debug" />
			<Option target="Release" />
			<Option target="Deploy" />
			<Option target="ReleaseAndTest" />
			<Option target="DebugBacktrace" />
			<Option target="DebugTest" />
			<Option target="DMimic" />
			<Option target="ReleaseAndTestWithDebugInfo" />
			<Option target="RDClang" />
			<Option target="RT_prof" />
			<Option target="ReleaseAndTestLTO" />
			<Option target="LinuxRelease" />
			<Option target="LinuxDeploy" />
		</Unit>
		<Unit filename="mongo.hpp">
			<Option target="Debug" />
			<Option target="Release" />
			<Option target="Deploy" />
			<Option target="ReleaseAndTest" />
			<Option target="DebugBacktrace" />
			<Option target="DebugTest" />
			<Option target="DMimic" />
			<Option target="ReleaseAndTestWithDebugInfo" />
			<Option target="RDClang" />
			<Option target="RT_prof" />
			<Option target="ReleaseAndTestLTO" />
			<Option target="LinuxRelease" />
			<Option target="LinuxDeploy" />
		</Unit>
		<Unit filename="mongo_cleanup.hpp">
			<Option target="Debug" />
			<Option target="Release" />
			<Option target="Deploy" />
			<Option target="ReleaseAndTest" />
			<Option target="DebugBacktrace" />
			<Option target="DebugTest" />
			<Option target="DMimic" />
			<Option target="ReleaseAndTestWithDebugInfo" />
			<Option target="RDClang" />
			<Option target="RT_prof" />
			<Option target="ReleaseAndTestLTO" />
			<Option target="LinuxRelease" />
			<Option target="LinuxDeploy" />
		</Unit>
		<Unit filename="mongoc_fwd.hpp">
			<Option target="Debug" />
			<Option target="Release" />
			<Option target="Deploy" />
			<Option target="ReleaseAndTest" />
			<Option target="DebugBacktrace" />
			<Option target="DebugTest" />
			<Option target="DMimic" />
			<Option target="ReleaseAndTestWithDebugInfo" />
			<Option target="RDClang" />
			<Option target="RT_prof" />
			<Option target="ReleaseAndTestLTO" />
			<Option target="LinuxRelease" />
			<Option target="LinuxDeploy" />
		</Unit>
		<Unit filename="non_user_task_thread.cpp">
			<Option target="Debug" />
			<Option target="Release" />
			<Option target="Deploy" />
			<Option target="ReleaseAndTest" />
			<Option target="DebugBacktrace" />
			<Option target="DebugTest" />
			<Option target="DMimic" />
			<Option target="ReleaseAndTestWithDebugInfo" />
			<Option target="RDClang" />
			<Option target="RT_prof" />
			<Option target="ReleaseAndTestLTO" />
			<Option target="LinuxRelease" />
			<Option target="LinuxDeploy" />
		</Unit>
		<Unit filename="non_user_task_thread.hpp">
			<Option target="Debug" />
			<Option target="Release" />
			<Option target="Deploy" />
			<Option target="ReleaseAndTest" />
			<Option target="DebugBacktrace" />
			<Option target="DebugTest" />
			<Option target="DMimic" />
			<Option target="ReleaseAndTestWithDebugInfo" />
			<Option target="RDClang" />
			<Option target="RT_prof" />
			<Option target="ReleaseAndTestLTO" />
			<Option target="LinuxRelease" />
			<Option target="LinuxDeploy" />
		</Unit>
		<Unit filename="perfmon.cpp">
			<Option target="Debug" />
			<Option target="Release" />
			<Option target="Deploy" />
			<Option target="ReleaseAndTest" />
			<Option target="DebugBacktrace" />
			<Option target="DebugTest" />
			<Option target="DMimic" />
			<Option target="ReleaseAndTestWithDebugInfo" />
			<Option target="RDClang" />
			<Option target="RT_prof" />
			<Option target="ReleaseAndTestLTO" />
			<Option target="LinuxRelease" />
			<Option target="LinuxDeploy" />
		</Unit>
		<Unit filename="perfmon.hpp">
			<Option target="Debug" />
			<Option target="Release" />
			<Option target="Deploy" />
			<Option target="ReleaseAndTest" />
			<Option target="DebugBacktrace" />
			<Option target="DebugTest" />
			<Option target="DMimic" />
			<Option target="ReleaseAndTestWithDebugInfo" />
			<Option target="RDClang" />
			<Option target="RT_prof" />
			<Option target="ReleaseAndTestLTO" />
			<Option target="LinuxRelease" />
			<Option target="LinuxDeploy" />
		</Unit>
		<Unit filename="privileged_core_scripts.cpp">
			<Option target="Debug" />
			<Option target="Release" />
			<Option target="Deploy" />
			<Option target="ReleaseAndTest" />
			<Option target="DebugBacktrace" />
			<Option target="DebugTest" />
			<Option target="DMimic" />
			<Option target="ReleaseAndTestWithDebugInfo" />
			<Option target="RDClang" />
			<Option target="RT_prof" />
			<Option target="ReleaseAndTestLTO" />
			<Option target="LinuxRelease" />
			<Option target="LinuxDeploy" />
		</Unit>
		<Unit filename="privileged_core_scripts.hpp">
			<Option target="Debug" />
			<Option target="Release" />
			<Option target="Deploy" />
			<Option target="ReleaseAndTest" />
			<Option target="DebugBacktrace" />
			<Option target="DebugTest" />
			<Option target="DMimic" />
			<Option target="ReleaseAndTestWithDebugInfo" />
			<Option target="RDClang" />
			<Option target="RT_prof" />
			<Option target="ReleaseAndTestLTO" />
			<Option target="LinuxRelease" />
			<Option target="LinuxDeploy" />
		</Unit>
		<Unit filename="quest_manager.cpp">
			<Option target="Debug" />
			<Option target="Release" />
			<Option target="Deploy" />
			<Option target="ReleaseAndTest" />
			<Option target="DebugBacktrace" />
			<Option target="DebugTest" />
			<Option target="DMimic" />
			<Option target="ReleaseAndTestWithDebugInfo" />
			<Option target="RDClang" />
			<Option target="RT_prof" />
			<Option target="ReleaseAndTestLTO" />
			<Option target="LinuxRelease" />
			<Option target="LinuxDeploy" />
		</Unit>
		<Unit filename="quest_manager.hpp">
			<Option target="Debug" />
			<Option target="Release" />
			<Option target="Deploy" />
			<Option target="ReleaseAndTest" />
			<Option target="DebugBacktrace" />
			<Option target="DebugTest" />
			<Option target="DMimic" />
			<Option target="ReleaseAndTestWithDebugInfo" />
			<Option target="RDClang" />
			<Option target="RT_prof" />
			<Option target="ReleaseAndTestLTO" />
			<Option target="LinuxRelease" />
			<Option target="LinuxDeploy" />
		</Unit>
		<Unit filename="rate_limiting.cpp">
			<Option target="Debug" />
			<Option target="Release" />
			<Option target="Deploy" />
			<Option target="ReleaseAndTest" />
			<Option target="DebugBacktrace" />
			<Option target="DebugTest" />
			<Option target="DMimic" />
			<Option target="ReleaseAndTestWithDebugInfo" />
			<Option target="RDClang" />
			<Option target="RT_prof" />
			<Option target="ReleaseAndTestLTO" />
			<Option target="LinuxRelease" />
			<Option target="LinuxDeploy" />
		</Unit>
		<Unit filename="rate_limiting.hpp">
			<Option target="Debug" />
			<Option target="Release" />
			<Option target="Deploy" />
			<Option target="ReleaseAndTest" />
			<Option target="DebugBacktrace" />
			<Option target="DebugTest" />
			<Option target="DMimic" />
			<Option target="ReleaseAndTestWithDebugInfo" />
			<Option target="RDClang" />
			<Option target="RT_prof" />
			<Option target="ReleaseAndTestLTO" />
			<Option target="LinuxRelease" />
			<Option target="LinuxDeploy" />
		</Unit>
		<Unit filename="reoccurring_task_handler.cpp">
			<Option target="Debug" />
			<Option target="Release" />
			<Option target="Deploy" />
			<Option target="ReleaseAndTest" />
			<Option target="DebugBacktrace" />
			<Option target="DebugTest" />
			<Option target="DMimic" />
			<Option target="ReleaseAndTestWithDebugInfo" />
			<Option target="RDClang" />
			<Option target="RT_prof" />
			<Option target="ReleaseAndTestLTO" />
			<Option target="LinuxRelease" />
			<Option target="LinuxDeploy" />
		</Unit>
		<Unit filename="reoccurring_task_handler.hpp">
			<Option target="Debug" />
			<Option target="Release" />
			<Option target="Deploy" />
			<Option target="ReleaseAndTest" />
			<Option target="DebugBacktrace" />
			<Option target="DebugTest" />
			<Option target="DMimic" />
			<Option target="ReleaseAndTestWithDebugInfo" />
			<Option target="RDClang" />
			<Option target="RT_prof" />
			<Option target="ReleaseAndTestLTO" />
			<Option target="LinuxRelease" />
			<Option target="LinuxDeploy" />
		</Unit>
		<Unit filename="rng.cpp">
			<Option target="Debug" />
			<Option target="Release" />
			<Option target="Deploy" />
			<Option target="ReleaseAndTest" />
			<Option target="DebugBacktrace" />
			<Option target="DebugTest" />
			<Option target="DMimic" />
			<Option target="ReleaseAndTestWithDebugInfo" />
			<Option target="RDClang" />
			<Option target="RT_prof" />
			<Option target="ReleaseAndTestLTO" />
			<Option target="LinuxRelease" />
			<Option target="LinuxDeploy" />
		</Unit>
		<Unit filename="rng.hpp">
			<Option target="Debug" />
			<Option target="Release" />
			<Option target="Deploy" />
			<Option target="ReleaseAndTest" />
			<Option target="DebugBacktrace" />
			<Option target="DebugTest" />
			<Option target="DMimic" />
			<Option target="ReleaseAndTestWithDebugInfo" />
			<Option target="RDClang" />
			<Option target="RT_prof" />
			<Option target="ReleaseAndTestLTO" />
			<Option target="LinuxRelease" />
			<Option target="LinuxDeploy" />
		</Unit>
		<Unit filename="safe_thread.cpp">
			<Option target="Debug" />
			<Option target="Release" />
			<Option target="Deploy" />
			<Option target="ReleaseAndTest" />
			<Option target="DebugBacktrace" />
			<Option target="DebugTest" />
			<Option target="DMimic" />
			<Option target="ReleaseAndTestWithDebugInfo" />
			<Option target="RDClang" />
			<Option target="RT_prof" />
			<Option target="ReleaseAndTestLTO" />
			<Option target="LinuxRelease" />
			<Option target="LinuxDeploy" />
		</Unit>
		<Unit filename="safe_thread.hpp">
			<Option target="Debug" />
			<Option target="Release" />
			<Option target="Deploy" />
			<Option target="ReleaseAndTest" />
			<Option target="DebugBacktrace" />
			<Option target="DebugTest" />
			<Option target="DMimic" />
			<Option target="ReleaseAndTestWithDebugInfo" />
			<Option target="RDClang" />
			<Option target="RT_prof" />
			<Option target="ReleaseAndTestLTO" />
			<Option target="LinuxRelease" />
			<Option target="LinuxDeploy" />
		</Unit>
		<Unit filename="scheduled_tasks.cpp">
			<Option target="Debug" />
			<Option target="Release" />
			<Option target="Deploy" />
			<Option target="ReleaseAndTest" />
			<Option target="DebugBacktrace" />
			<Option target="DebugTest" />
			<Option target="DMimic" />
			<Option target="ReleaseAndTestWithDebugInfo" />
			<Option target="RDClang" />
			<Option target="RT_prof" />
			<Option target="ReleaseAndTestLTO" />
			<Option target="LinuxRelease" />
			<Option target="LinuxDeploy" />
		</Unit>
		<Unit filename="scheduled_tasks.hpp">
			<Option target="Debug" />
			<Option target="Release" />
			<Option target="Deploy" />
			<Option target="ReleaseAndTest" />
			<Option target="DebugBacktrace" />
			<Option target="DebugTest" />
			<Option target="DMimic" />
			<Option target="ReleaseAndTestWithDebugInfo" />
			<Option target="RDClang" />
			<Option target="RT_prof" />
			<Option target="ReleaseAndTestLTO" />
			<Option target="LinuxRelease" />
			<Option target="LinuxDeploy" />
		</Unit>
		<Unit filename="script_metadata.cpp">
			<Option target="Debug" />
			<Option target="Release" />
			<Option target="Deploy" />
			<Option target="ReleaseAndTest" />
			<Option target="DebugBacktrace" />
			<Option target="DebugTest" />
			<Option target="DMimic" />
			<Option target="ReleaseAndTestWithDebugInfo" />
			<Option target="RDClang" />
			<Option target="RT_prof" />
			<Option target="ReleaseAndTestLTO" />
			<Option target="LinuxRelease" />
			<Option target="LinuxDeploy" />
		</Unit>
		<Unit filename="script_metadata.hpp">
			<Option target="Debug" />
			<Option target="Release" />
			<Option target="Deploy" />
			<Option target="ReleaseAndTest" />
			<Option target="DebugBacktrace" />
			<Option target="DebugTest" />
			<Option target="DMimic" />
			<Option target="ReleaseAndTestWithDebugInfo" />
			<Option target="RDClang" />
			<Option target="RT_prof" />
			<Option target="ReleaseAndTestLTO" />
			<Option target="LinuxRelease" />
			<Option target="LinuxDeploy" />
		</Unit>
		<Unit filename="script_util.cpp">
			<Option target="Debug" />
			<Option target="Release" />
			<Option target="Deploy" />
			<Option target="ReleaseAndTest" />
			<Option target="DebugBacktrace" />
			<Option target="DebugTest" />
			<Option target="DMimic" />
			<Option target="ReleaseAndTestWithDebugInfo" />
			<Option target="RDClang" />
			<Option target="RT_prof" />
			<Option target="ReleaseAndTestLTO" />
			<Option target="LinuxRelease" />
			<Option target="LinuxDeploy" />
		</Unit>
		<Unit filename="script_util.hpp">
			<Option target="Debug" />
			<Option target="Release" />
			<Option target="Deploy" />
			<Option target="ReleaseAndTest" />
			<Option target="DebugBacktrace" />
			<Option target="DebugTest" />
			<Option target="DMimic" />
			<Option target="ReleaseAndTestWithDebugInfo" />
			<Option target="RDClang" />
			<Option target="RT_prof" />
			<Option target="ReleaseAndTestLTO" />
			<Option target="LinuxRelease" />
			<Option target="LinuxDeploy" />
		</Unit>
		<Unit filename="scripting_api.hpp">
			<Option target="Debug" />
			<Option target="Release" />
			<Option target="Deploy" />
			<Option target="ReleaseAndTest" />
			<Option target="DebugBacktrace" />
			<Option target="DebugTest" />
			<Option target="DMimic" />
			<Option target="ReleaseAndTestWithDebugInfo" />
			<Option target="RDClang" />
			<Option target="RT_prof" />
			<Option target="ReleaseAndTestLTO" />
			<Option target="LinuxRelease" />
			<Option target="LinuxDeploy" />
		</Unit>
		<Unit filename="scripting_api_fwrd.hpp">
			<Option target="Debug" />
			<Option target="Release" />
			<Option target="Deploy" />
			<Option target="ReleaseAndTest" />
			<Option target="DebugBacktrace" />
			<Option target="DebugTest" />
			<Option target="DMimic" />
			<Option target="ReleaseAndTestWithDebugInfo" />
			<Option target="RDClang" />
			<Option target="RT_prof" />
			<Option target="ReleaseAndTestLTO" />
			<Option target="LinuxRelease" />
			<Option target="LinuxDeploy" />
		</Unit>
		<Unit filename="seccallers.cpp">
			<Option target="Debug" />
			<Option target="Release" />
			<Option target="Deploy" />
			<Option target="ReleaseAndTest" />
			<Option target="DebugBacktrace" />
			<Option target="DebugTest" />
			<Option target="DMimic" />
			<Option target="ReleaseAndTestWithDebugInfo" />
			<Option target="RDClang" />
			<Option target="RT_prof" />
			<Option target="ReleaseAndTestLTO" />
			<Option target="LinuxRelease" />
			<Option target="LinuxDeploy" />
		</Unit>
		<Unit filename="seccallers.hpp">
			<Option target="Debug" />
			<Option target="Release" />
			<Option target="Deploy" />
			<Option target="ReleaseAndTest" />
			<Option target="DebugBacktrace" />
			<Option target="DebugTest" />
			<Option target="DMimic" />
			<Option target="ReleaseAndTestWithDebugInfo" />
			<Option target="RDClang" />
			<Option target="RT_prof" />
			<Option target="ReleaseAndTestLTO" />
			<Option target="LinuxRelease" />
			<Option target="LinuxDeploy" />
		</Unit>
		<Unit filename="serialisables.cpp">
			<Option target="Debug" />
			<Option target="Release" />
			<Option target="Deploy" />
			<Option target="ReleaseAndTest" />
			<Option target="DebugBacktrace" />
			<Option target="DebugTest" />
			<Option target="DMimic" />
			<Option target="ReleaseAndTestWithDebugInfo" />
			<Option target="RDClang" />
			<Option target="RT_prof" />
			<Option target="ReleaseAndTestLTO" />
			<Option target="LinuxRelease" />
			<Option target="LinuxDeploy" />
		</Unit>
		<Unit filename="serialisables.hpp">
			<Option target="Debug" />
			<Option target="Release" />
			<Option target="Deploy" />
			<Option target="ReleaseAndTest" />
			<Option target="DebugBacktrace" />
			<Option target="DebugTest" />
			<Option target="DMimic" />
			<Option target="ReleaseAndTestWithDebugInfo" />
			<Option target="RDClang" />
			<Option target="RT_prof" />
			<Option target="ReleaseAndTestLTO" />
			<Option target="LinuxRelease" />
			<Option target="LinuxDeploy" />
		</Unit>
		<Unit filename="shared_command_handler_state.hpp">
			<Option target="Debug" />
			<Option target="Release" />
			<Option target="Deploy" />
			<Option target="ReleaseAndTest" />
			<Option target="DebugBacktrace" />
			<Option target="DebugTest" />
			<Option target="DMimic" />
			<Option target="ReleaseAndTestWithDebugInfo" />
			<Option target="RDClang" />
			<Option target="RT_prof" />
			<Option target="ReleaseAndTestLTO" />
			<Option target="LinuxRelease" />
			<Option target="LinuxDeploy" />
		</Unit>
		<Unit filename="shared_duk_worker_state.cpp">
			<Option target="Debug" />
			<Option target="Release" />
			<Option target="Deploy" />
			<Option target="ReleaseAndTest" />
			<Option target="DebugBacktrace" />
			<Option target="DebugTest" />
			<Option target="DMimic" />
			<Option target="ReleaseAndTestWithDebugInfo" />
			<Option target="RDClang" />
			<Option target="RT_prof" />
			<Option target="ReleaseAndTestLTO" />
			<Option target="LinuxRelease" />
			<Option target="LinuxDeploy" />
		</Unit>
		<Unit filename="shared_duk_worker_state.hpp">
			<Option target="Debug" />
			<Option target="Release" />
			<Option target="Deploy" />
			<Option target="ReleaseAndTest" />
			<Option target="DebugBacktrace" />
			<Option target="DebugTest" />
			<Option target="DMimic" />
			<Option target="ReleaseAndTestWithDebugInfo" />
			<Option target="RDClang" />
			<Option target="RT_prof" />
			<Option target="ReleaseAndTestLTO" />
			<Option target="LinuxRelease" />
			<Option target="LinuxDeploy" />
		</Unit>
		<Unit filename="source_maps.cpp">
			<Option target="Debug" />
			<Option target="Release" />
			<Option target="Deploy" />
			<Option target="ReleaseAndTest" />
			<Option target="DebugBacktrace" />
			<Option target="DebugTest" />
			<Option target="DMimic" />
			<Option target="ReleaseAndTestWithDebugInfo" />
			<Option target="RDClang" />
			<Option target="RT_prof" />
			<Option target="ReleaseAndTestLTO" />
			<Option target="LinuxRelease" />
			<Option target="LinuxDeploy" />
		</Unit>
		<Unit filename="source_maps.hpp">
			<Option target="Debug" />
			<Option target="Release" />
			<Option target="Deploy" />
			<Option target="ReleaseAndTest" />
			<Option target="DebugBacktrace" />
			<Option target="DebugTest" />
			<Option target="DMimic" />
			<Option target="ReleaseAndTestWithDebugInfo" />
			<Option target="RDClang" />
			<Option target="RT_prof" />
			<Option target="ReleaseAndTestLTO" />
			<Option target="LinuxRelease" />
			<Option target="LinuxDeploy" />
		</Unit>
		<Unit filename="stacktrace.cpp">
			<Option target="Debug" />
			<Option target="Release" />
			<Option target="Deploy" />
			<Option target="ReleaseAndTest" />
			<Option target="DebugBacktrace" />
			<Option target="DebugTest" />
			<Option target="DMimic" />
			<Option target="ReleaseAndTestWithDebugInfo" />
			<Option target="RDClang" />
			<Option target="RT_prof" />
			<Option target="ReleaseAndTestLTO" />
			<Option target="LinuxRelease" />
			<Option target="LinuxDeploy" />
		</Unit>
		<Unit filename="stacktrace.hpp">
			<Option target="Debug" />
			<Option target="Release" />
			<Option target="Deploy" />
			<Option target="ReleaseAndTest" />
			<Option target="DebugBacktrace" />
			<Option target="DebugTest" />
			<Option target="DMimic" />
			<Option target="ReleaseAndTestWithDebugInfo" />
			<Option target="RDClang" />
			<Option target="RT_prof" />
			<Option target="ReleaseAndTestLTO" />
			<Option target="LinuxRelease" />
			<Option target="LinuxDeploy" />
		</Unit>
		<Unit filename="steam_auth.cpp">
			<Option target="Debug" />
			<Option target="Release" />
			<Option target="Deploy" />
			<Option target="ReleaseAndTest" />
			<Option target="DebugBacktrace" />
			<Option target="DebugTest" />
			<Option target="DMimic" />
			<Option target="ReleaseAndTestWithDebugInfo" />
			<Option target="RDClang" />
			<Option target="RT_prof" />
			<Option target="ReleaseAndTestLTO" />
			<Option target="LinuxRelease" />
			<Option target="LinuxDeploy" />
		</Unit>
		<Unit filename="steam_auth.hpp">
			<Option target="Debug" />
			<Option target="Release" />
			<Option target="Deploy" />
			<Option target="ReleaseAndTest" />
			<Option target="DebugBacktrace" />
			<Option target="DebugTest" />
			<Option target="DMimic" />
			<Option target="ReleaseAndTestWithDebugInfo" />
			<Option target="RDClang" />
			<Option target="RT_prof" />
			<Option target="ReleaseAndTestLTO" />
			<Option target="LinuxRelease" />
			<Option target="LinuxDeploy" />
		</Unit>
		<Unit filename="time.cpp">
			<Option target="Debug" />
			<Option target="Release" />
			<Option target="Deploy" />
			<Option target="ReleaseAndTest" />
			<Option target="DebugBacktrace" />
			<Option target="DebugTest" />
			<Option target="DMimic" />
			<Option target="ReleaseAndTestWithDebugInfo" />
			<Option target="RDClang" />
			<Option target="RT_prof" />
			<Option target="ReleaseAndTestLTO" />
			<Option target="LinuxRelease" />
			<Option target="LinuxDeploy" />
		</Unit>
		<Unit filename="time.hpp">
			<Option target="Debug" />
			<Option target="Release" />
			<Option target="Deploy" />
			<Option target="ReleaseAndTest" />
			<Option target="DebugBacktrace" />
			<Option target="DebugTest" />
			<Option target="DMimic" />
			<Option target="ReleaseAndTestWithDebugInfo" />
			<Option target="RDClang" />
			<Option target="RT_prof" />
			<Option target="ReleaseAndTestLTO" />
			<Option target="LinuxRelease" />
			<Option target="LinuxDeploy" />
		</Unit>
		<Unit filename="timestamped_position.hpp">
			<Option target="Debug" />
			<Option target="Release" />
			<Option target="Deploy" />
			<Option target="ReleaseAndTest" />
			<Option target="DebugBacktrace" />
			<Option target="DebugTest" />
			<Option target="DMimic" />
			<Option target="ReleaseAndTestWithDebugInfo" />
			<Option target="RDClang" />
			<Option target="RT_prof" />
			<Option target="ReleaseAndTestLTO" />
			<Option target="LinuxRelease" />
			<Option target="LinuxDeploy" />
		</Unit>
		<Unit filename="tls.hpp">
			<Option target="Debug" />
			<Option target="Release" />
			<Option target="Deploy" />
			<Option target="ReleaseAndTest" />
			<Option target="DebugBacktrace" />
			<Option target="DebugTest" />
			<Option target="DMimic" />
			<Option target="ReleaseAndTestWithDebugInfo" />
			<Option target="RDClang" />
			<Option target="RT_prof" />
			<Option target="ReleaseAndTestLTO" />
			<Option target="LinuxRelease" />
			<Option target="LinuxDeploy" />
		</Unit>
		<Unit filename="unified_scripts.cpp">
			<Option target="Debug" />
			<Option target="Release" />
			<Option target="Deploy" />
			<Option target="ReleaseAndTest" />
			<Option target="DebugBacktrace" />
			<Option target="DebugTest" />
			<Option target="DMimic" />
			<Option target="ReleaseAndTestWithDebugInfo" />
			<Option target="RDClang" />
			<Option target="RT_prof" />
			<Option target="ReleaseAndTestLTO" />
			<Option target="LinuxRelease" />
			<Option target="LinuxDeploy" />
		</Unit>
		<Unit filename="unified_scripts.hpp">
			<Option target="Debug" />
			<Option target="Release" />
			<Option target="Deploy" />
			<Option target="ReleaseAndTest" />
			<Option target="DebugBacktrace" />
			<Option target="DebugTest" />
			<Option target="DMimic" />
			<Option target="ReleaseAndTestWithDebugInfo" />
			<Option target="RDClang" />
			<Option target="RT_prof" />
			<Option target="ReleaseAndTestLTO" />
			<Option target="LinuxRelease" />
			<Option target="LinuxDeploy" />
		</Unit>
		<Unit filename="user.cpp">
			<Option target="Debug" />
			<Option target="Release" />
			<Option target="Deploy" />
			<Option target="ReleaseAndTest" />
			<Option target="DebugBacktrace" />
			<Option target="DebugTest" />
			<Option target="DMimic" />
			<Option target="ReleaseAndTestWithDebugInfo" />
			<Option target="RDClang" />
			<Option target="RT_prof" />
			<Option target="ReleaseAndTestLTO" />
			<Option target="LinuxRelease" />
			<Option target="LinuxDeploy" />
		</Unit>
		<Unit filename="user.hpp">
			<Option target="Debug" />
			<Option target="Release" />
			<Option target="Deploy" />
			<Option target="ReleaseAndTest" />
			<Option target="DebugBacktrace" />
			<Option target="DebugTest" />
			<Option target="DMimic" />
			<Option target="ReleaseAndTestWithDebugInfo" />
			<Option target="RDClang" />
			<Option target="RT_prof" />
			<Option target="ReleaseAndTestLTO" />
			<Option target="LinuxRelease" />
			<Option target="LinuxDeploy" />
		</Unit>
		<Extensions>
			<code_completion />
			<envvars />
			<debugger />
			<fortran_project />
		</Extensions>
	</Project>
</CodeBlocks_project_file>
